<Solution>
  <Project Path="Shop.Application/Shop.Application.csproj" Id="1298e13d-08a8-4563-a132-3da2e1bc8b8a" />
  <Project Path="Shop.Infrastructure/Shop.Infrastructure.csproj" Id="12e0f3d8-2ab4-4101-bcd3-67502808ae2b" />
  <Project Path="ShopApp/ShopApi.csproj" />
  <Project Path="ShopDomain/ShopDomain.csproj" />
</Solution>
